// !$*UTF8*$!
{
	archiveVersion = 1;
	classes = {
	};
	objectVersion = 50;
	objects = {

/* Begin PBXBuildFile section */
		D933046920D24552008E2907 /* Video.swift in Sources */ = {isa = PBXBuildFile; fileRef = D933046820D24552008E2907 /* Video.swift */; };
		D9B6932720CD246000136E9D /* Extensions.swift in Sources */ = {isa = PBXBuildFile; fileRef = D9B6932620CD246000136E9D /* Extensions.swift */; };
		D9B6932A20CD259500136E9D /* Videocell.swift in Sources */ = {isa = PBXBuildFile; fileRef = D9B6932920CD259500136E9D /* Videocell.swift */; };
		D9B6932D20CD2DC700136E9D /* MenuBar.swift in Sources */ = {isa = PBXBuildFile; fileRef = D9B6932C20CD2DC700136E9D /* MenuBar.swift */; };
		D9BB664520C8415F002BBBAD /* AppDelegate.swift in Sources */ = {isa = PBXBuildFile; fileRef = D9BB664420C8415F002BBBAD /* AppDelegate.swift */; };
		D9BB664720C8415F002BBBAD /* HomeController.swift in Sources */ = {isa = PBXBuildFile; fileRef = D9BB664620C8415F002BBBAD /* HomeController.swift */; };
		D9BB664A20C8415F002BBBAD /* Main.storyboard in Resources */ = {isa = PBXBuildFile; fileRef = D9BB664820C8415F002BBBAD /* Main.storyboard */; };
		D9BB664C20C84161002BBBAD /* Assets.xcassets in Resources */ = {isa = PBXBuildFile; fileRef = D9BB664B20C84161002BBBAD /* Assets.xcassets */; };
		D9BB664F20C84161002BBBAD /* LaunchScreen.storyboard in Resources */ = {isa = PBXBuildFile; fileRef = D9BB664D20C84161002BBBAD /* LaunchScreen.storyboard */; };
/* End PBXBuildFile section */

/* Begin PBXFileReference section */
		D933046820D24552008E2907 /* Video.swift */ = {isa = PBXFileReference; lastKnownFileType = sourcecode.swift; path = Video.swift; sourceTree = "<group>"; };
		D9B6932620CD246000136E9D /* Extensions.swift */ = {isa = PBXFileReference; lastKnownFileType = sourcecode.swift; path = Extensions.swift; sourceTree = "<group>"; };
		D9B6932920CD259500136E9D /* Videocell.swift */ = {isa = PBXFileReference; lastKnownFileType = sourcecode.swift; path = Videocell.swift; sourceTree = "<group>"; };
		D9B6932C20CD2DC700136E9D /* MenuBar.swift */ = {isa = PBXFileReference; lastKnownFileType = sourcecode.swift; path = MenuBar.swift; sourceTree = "<group>"; };
		D9BB664120C8415F002BBBAD /* youtube.app */ = {isa = PBXFileReference; explicitFileType = wrapper.application; includeInIndex = 0; path = youtube.app; sourceTree = BUILT_PRODUCTS_DIR; };
		D9BB664420C8415F002BBBAD /* AppDelegate.swift */ = {isa = PBXFileReference; lastKnownFileType = sourcecode.swift; path = AppDelegate.swift; sourceTree = "<group>"; };
		D9BB664620C8415F002BBBAD /* HomeController.swift */ = {isa = PBXFileReference; lastKnownFileType = sourcecode.swift; path = HomeController.swift; sourceTree = "<group>"; };
		D9BB664920C8415F002BBBAD /* Base */ = {isa = PBXFileReference; lastKnownFileType = file.storyboard; name = Base; path = Base.lproj/Main.storyboard; sourceTree = "<group>"; };
		D9BB664B20C84161002BBBAD /* Assets.xcassets */ = {isa = PBXFileReference; lastKnownFileType = folder.assetcatalog; path = Assets.xcassets; sourceTree = "<group>"; };
		D9BB664E20C84161002BBBAD /* Base */ = {isa = PBXFileReference; lastKnownFileType = file.storyboard; name = Base; path = Base.lproj/LaunchScreen.storyboard; sourceTree = "<group>"; };
		D9BB665020C84161002BBBAD /* Info.plist */ = {isa = PBXFileReference; lastKnownFileType = text.plist.xml; path = Info.plist; sourceTree = "<group>"; };
/* End PBXFileReference section */

/* Begin PBXFrameworksBuildPhase section */
		D9BB663E20C8415F002BBBAD /* Frameworks */ = {
			isa = PBXFrameworksBuildPhase;
			buildActionMask = 2147483647;
			files = (
			);
			runOnlyForDeploymentPostprocessing = 0;
		};
/* End PBXFrameworksBuildPhase section */

/* Begin PBXGroup section */
		D933046720D2451B008E2907 /* Model */ = {
			isa = PBXGroup;
			children = (
				D933046820D24552008E2907 /* Video.swift */,
			);
			path = Model;
			sourceTree = "<group>";
		};
		D9B6932520CD240B00136E9D /* Helpers */ = {
			isa = PBXGroup;
			children = (
				D9B6932620CD246000136E9D /* Extensions.swift */,
			);
			path = Helpers;
			sourceTree = "<group>";
		};
		D9B6932820CD257A00136E9D /* View */ = {
			isa = PBXGroup;
			children = (
				D9B6932920CD259500136E9D /* Videocell.swift */,
				D9B6932C20CD2DC700136E9D /* MenuBar.swift */,
			);
			path = View;
			sourceTree = "<group>";
		};
		D9B6932B20CD25E700136E9D /* Controller */ = {
			isa = PBXGroup;
			children = (
				D9BB664620C8415F002BBBAD /* HomeController.swift */,
			);
			path = Controller;
			sourceTree = "<group>";
		};
		D9BB663820C8415F002BBBAD = {
			isa = PBXGroup;
			children = (
				D9BB664320C8415F002BBBAD /* youtube */,
				D9BB664220C8415F002BBBAD /* Products */,
			);
			sourceTree = "<group>";
		};
		D9BB664220C8415F002BBBAD /* Products */ = {
			isa = PBXGroup;
			children = (
				D9BB664120C8415F002BBBAD /* youtube.app */,
			);
			name = Products;
			sourceTree = "<group>";
		};
		D9BB664320C8415F002BBBAD /* youtube */ = {
			isa = PBXGroup;
			children = (
				D933046720D2451B008E2907 /* Model */,
				D9B6932820CD257A00136E9D /* View */,
				D9B6932B20CD25E700136E9D /* Controller */,
				D9B6932520CD240B00136E9D /* Helpers */,
				D9BB664420C8415F002BBBAD /* AppDelegate.swift */,
				D9BB664820C8415F002BBBAD /* Main.storyboard */,
				D9BB664B20C84161002BBBAD /* Assets.xcassets */,
				D9BB664D20C84161002BBBAD /* LaunchScreen.storyboard */,
				D9BB665020C84161002BBBAD /* Info.plist */,
			);
			path = youtube;
			sourceTree = "<group>";
		};
/* End PBXGroup section */

/* Begin PBXNativeTarget section */
		D9BB664020C8415F002BBBAD /* youtube */ = {
			isa = PBXNativeTarget;
			buildConfigurationList = D9BB665320C84161002BBBAD /* Build configuration list for PBXNativeTarget "youtube" */;
			buildPhases = (
				D9BB663D20C8415F002BBBAD /* Sources */,
				D9BB663E20C8415F002BBBAD /* Frameworks */,
				D9BB663F20C8415F002BBBAD /* Resources */,
			);
			buildRules = (
			);
			dependencies = (
			);
			name = youtube;
			productName = youtube;
			productReference = D9BB664120C8415F002BBBAD /* youtube.app */;
			productType = "com.apple.product-type.application";
		};
/* End PBXNativeTarget section */

/* Begin PBXProject section */
		D9BB663920C8415F002BBBAD /* Project object */ = {
			isa = PBXProject;
			attributes = {
				LastSwiftUpdateCheck = 0940;
				LastUpgradeCheck = 0940;
				ORGANIZATIONNAME = Baur;
				TargetAttributes = {
					D9BB664020C8415F002BBBAD = {
						CreatedOnToolsVersion = 9.4;
					};
				};
			};
			buildConfigurationList = D9BB663C20C8415F002BBBAD /* Build configuration list for PBXProject "youtube" */;
			compatibilityVersion = "Xcode 9.3";
			developmentRegion = en;
			hasScannedForEncodings = 0;
			knownRegions = (
				en,
				Base,
			);
			mainGroup = D9BB663820C8415F002BBBAD;
			productRefGroup = D9BB664220C8415F002BBBAD /* Products */;
			projectDirPath = "";
			projectRoot = "";
			targets = (
				D9BB664020C8415F002BBBAD /* youtube */,
			);
		};
/* End PBXProject section */

/* Begin PBXResourcesBuildPhase section */
		D9BB663F20C8415F002BBBAD /* Resources */ = {
			isa = PBXResourcesBuildPhase;
			buildActionMask = 2147483647;
			files = (
				D9BB664F20C84161002BBBAD /* LaunchScreen.storyboard in Resources */,
				D9BB664C20C84161002BBBAD /* Assets.xcassets in Resources */,
				D9BB664A20C8415F002BBBAD /* Main.storyboard in Resources */,
			);
			runOnlyForDeploymentPostprocessing = 0;
		};
/* End PBXResourcesBuildPhase section */

/* Begin PBXSourcesBuildPhase section */
		D9BB663D20C8415F002BBBAD /* Sources */ = {
			isa = PBXSourcesBuildPhase;
			buildActionMask = 2147483647;
			files = (
				D9BB664720C8415F002BBBAD /* HomeController.swift in Sources */,
				D933046920D24552008E2907 /* Video.swift in Sources */,
				D9B6932A20CD259500136E9D /* Videocell.swift in Sources */,
				D9B6932720CD246000136E9D /* Extensions.swift in Sources */,
				D9BB664520C8415F002BBBAD /* AppDelegate.swift in Sources */,
				D9B6932D20CD2DC700136E9D /* MenuBar.swift in Sources */,
			);
			runOnlyForDeploymentPostprocessing = 0;
		};
/* End PBXSourcesBuildPhase section */

/* Begin PBXVariantGroup section */
		D9BB664820C8415F002BBBAD /* Main.storyboard */ = {
			isa = PBXVariantGroup;
			children = (
				D9BB664920C8415F002BBBAD /* Base */,
			);
			name = Main.storyboard;
			sourceTree = "<group>";
		};
		D9BB664D20C84161002BBBAD /* LaunchScreen.storyboard */ = {
			isa = PBXVariantGroup;
			children = (
				D9BB664E20C84161002BBBAD /* Base */,
			);
			name = LaunchScreen.storyboard;
			sourceTree = "<group>";
		};
/* End PBXVariantGroup section */

/* Begin XCBuildConfiguration section */
		D9BB665120C84161002BBBAD /* Debug */ = {
			isa = XCBuildConfiguration;
			buildSettings = {
				ALWAYS_SEARCH_USER_PATHS = NO;
				CLANG_ANALYZER_NONNULL = YES;
				CLANG_ANALYZER_NUMBER_OBJECT_CONVERSION = YES_AGGRESSIVE;
				CLANG_CXX_LANGUAGE_STANDARD = "gnu++14";
				CLANG_CXX_LIBRARY = "libc++";
				CLANG_ENABLE_MODULES = YES;
				CLANG_ENABLE_OBJC_ARC = YES;
				CLANG_ENABLE_OBJC_WEAK = YES;
				CLANG_WARN_BLOCK_CAPTURE_AUTORELEASING = YES;
				CLANG_WARN_BOOL_CONVERSION = YES;
				CLANG_WARN_COMMA = YES;
				CLANG_WARN_CONSTANT_CONVERSION = YES;
				CLANG_WARN_DEPRECATED_OBJC_IMPLEMENTATIONS = YES;
				CLANG_WARN_DIRECT_OBJC_ISA_USAGE = YES_ERROR;
				CLANG_WARN_DOCUMENTATION_COMMENTS = YES;
				CLANG_WARN_EMPTY_BODY = YES;
				CLANG_WARN_ENUM_CONVERSION = YES;
				CLANG_WARN_INFINITE_RECURSION = YES;
				CLANG_WARN_INT_CONVERSION = YES;
				CLANG_WARN_NON_LITERAL_NULL_CONVERSION = YES;
				CLANG_WARN_OBJC_IMPLICIT_RETAIN_SELF = YES;
				CLANG_WARN_OBJC_LITERAL_CONVERSION = YES;
				CLANG_WARN_OBJC_ROOT_CLASS = YES_ERROR;
				CLANG_WARN_RANGE_LOOP_ANALYSIS = YES;
				CLANG_WARN_STRICT_PROTOTYPES = YES;
				CLANG_WARN_SUSPICIOUS_MOVE = YES;
				CLANG_WARN_UNGUARDED_AVAILABILITY = YES_AGGRESSIVE;
				CLANG_WARN_UNREACHABLE_CODE = YES;
				CLANG_WARN__DUPLICATE_METHOD_MATCH = YES;
				CODE_SIGN_IDENTITY = "iPhone Developer";
				COPY_PHASE_STRIP = NO;
				DEBUG_INFORMATION_FORMAT = dwarf;
				ENABLE_STRICT_OBJC_MSGSEND = YES;
				ENABLE_TESTABILITY = YES;
				GCC_C_LANGUAGE_STANDARD = gnu11;
				GCC_DYNAMIC_NO_PIC = NO;
				GCC_NO_COMMON_BLOCKS = YES;
				GCC_OPTIMIZATION_LEVEL = 0;
				GCC_PREPROCESSOR_DEFINITIONS = (
					"DEBUG=1",
					"$(inherited)",
				);
				GCC_WARN_64_TO_32_BIT_CONVERSION = YES;
				GCC_WARN_ABOUT_RETURN_TYPE = YES_ERROR;
				GCC_WARN_UNDECLARED_SELECTOR = YES;
				GCC_WARN_UNINITIALIZED_AUTOS = YES_AGGRESSIVE;
				GCC_WARN_UNUSED_FUNCTION = YES;
				GCC_WARN_UNUSED_VARIABLE = YES;
				IPHONEOS_DEPLOYMENT_TARGET = 11.4;
				MTL_ENABLE_DEBUG_INFO = YES;
				ONLY_ACTIVE_ARCH = YES;
				SDKROOT = iphoneos;
				SWIFT_ACTIVE_COMPILATION_CONDITIONS = DEBUG;
				SWIFT_OPTIMIZATION_LEVEL = "-Onone";
			};
			name = Debug;
		};
		D9BB665220C84161002BBBAD /* Release */ = {
			isa = XCBuildConfiguration;
			buildSettings = {
				ALWAYS_SEARCH_USER_PATHS = NO;
				CLANG_ANALYZER_NONNULL = YES;
				CLANG_ANALYZER_NUMBER_OBJECT_CONVERSION = YES_AGGRESSIVE;
				CLANG_CXX_LANGUAGE_STANDARD = "gnu++14";
				CLANG_CXX_LIBRARY = "libc++";
				CLANG_ENABLE_MODULES = YES;
				CLANG_ENABLE_OBJC_ARC = YES;
				CLANG_ENABLE_OBJC_WEAK = YES;
				CLANG_WARN_BLOCK_CAPTURE_AUTORELEASING = YES;
				CLANG_WARN_BOOL_CONVERSION = YES;
				CLANG_WARN_COMMA = YES;
				CLANG_WARN_CONSTANT_CONVERSION = YES;
				CLANG_WARN_DEPRECATED_OBJC_IMPLEMENTATIONS = YES;
				CLANG_WARN_DIRECT_OBJC_ISA_USAGE = YES_ERROR;
				CLANG_WARN_DOCUMENTATION_COMMENTS = YES;
				CLANG_WARN_EMPTY_BODY = YES;
				CLANG_WARN_ENUM_CONVERSION = YES;
				CLANG_WARN_INFINITE_RECURSION = YES;
				CLANG_WARN_INT_CONVERSION = YES;
				CLANG_WARN_NON_LITERAL_NULL_CONVERSION = YES;
				CLANG_WARN_OBJC_IMPLICIT_RETAIN_SELF = YES;
				CLANG_WARN_OBJC_LITERAL_CONVERSION = YES;
				CLANG_WARN_OBJC_ROOT_CLASS = YES_ERROR;
				CLANG_WARN_RANGE_LOOP_ANALYSIS = YES;
				CLANG_WARN_STRICT_PROTOTYPES = YES;
				CLANG_WARN_SUSPICIOUS_MOVE = YES;
				CLANG_WARN_UNGUARDED_AVAILABILITY = YES_AGGRESSIVE;
				CLANG_WARN_UNREACHABLE_CODE = YES;
				CLANG_WARN__DUPLICATE_METHOD_MATCH = YES;
				CODE_SIGN_IDENTITY = "iPhone Developer";
				COPY_PHASE_STRIP = NO;
				DEBUG_INFORMATION_FORMAT = "dwarf-with-dsym";
				ENABLE_NS_ASSERTIONS = NO;
				ENABLE_STRICT_OBJC_MSGSEND = YES;
				GCC_C_LANGUAGE_STANDARD = gnu11;
				GCC_NO_COMMON_BLOCKS = YES;
				GCC_WARN_64_TO_32_BIT_CONVERSION = YES;
				GCC_WARN_ABOUT_RETURN_TYPE = YES_ERROR;
				GCC_WARN_UNDECLARED_SELECTOR = YES;
				GCC_WARN_UNINITIALIZED_AUTOS = YES_AGGRESSIVE;
				GCC_WARN_UNUSED_FUNCTION = YES;
				GCC_WARN_UNUSED_VARIABLE = YES;
				IPHONEOS_DEPLOYMENT_TARGET = 11.4;
				MTL_ENABLE_DEBUG_INFO = NO;
				SDKROOT = iphoneos;
				SWIFT_COMPILATION_MODE = wholemodule;
				SWIFT_OPTIMIZATION_LEVEL = "-O";
				VALIDATE_PRODUCT = YES;
			};
			name = Release;
		};
		D9BB665420C84161002BBBAD /* Debug */ = {
			isa = XCBuildConfiguration;
			buildSettings = {
				ASSETCATALOG_COMPILER_APPICON_NAME = AppIcon;
				CODE_SIGN_STYLE = Automatic;
				INFOPLIST_FILE = youtube/Info.plist;
				LD_RUNPATH_SEARCH_PATHS = (
					"$(inherited)",
					"@executable_path/Frameworks",
				);
				PRODUCT_BUNDLE_IDENTIFIER = kz.boulder.youtube;
				PRODUCT_NAME = "$(TARGET_NAME)";
				SWIFT_VERSION = 4.0;
				TARGETED_DEVICE_FAMILY = "1,2";
			};
			name = Debug;
		};
		D9BB665520C84161002BBBAD /* Release */ = {
			isa = XCBuildConfiguration;
			buildSettings = {
				ASSETCATALOG_COMPILER_APPICON_NAME = AppIcon;
				CODE_SIGN_STYLE = Automatic;
				INFOPLIST_FILE = youtube/Info.plist;
				LD_RUNPATH_SEARCH_PATHS = (
					"$(inherited)",
					"@executable_path/Frameworks",
				);
				PRODUCT_BUNDLE_IDENTIFIER = kz.boulder.youtube;
				PRODUCT_NAME = "$(TARGET_NAME)";
				SWIFT_VERSION = 4.0;
				TARGETED_DEVICE_FAMILY = "1,2";
			};
			name = Release;
		};
/* End XCBuildConfiguration section */

/* Begin XCConfigurationList section */
		D9BB663C20C8415F002BBBAD /* Build configuration list for PBXProject "youtube" */ = {
			isa = XCConfigurationList;
			buildConfigurations = (
				D9BB665120C84161002BBBAD /* Debug */,
				D9BB665220C84161002BBBAD /* Release */,
			);
			defaultConfigurationIsVisible = 0;
			defaultConfigurationName = Release;
		};
		D9BB665320C84161002BBBAD /* Build configuration list for PBXNativeTarget "youtube" */ = {
			isa = XCConfigurationList;
			buildConfigurations = (
				D9BB665420C84161002BBBAD /* Debug */,
				D9BB665520C84161002BBBAD /* Release */,
			);
			defaultConfigurationIsVisible = 0;
			defaultConfigurationName = Release;
		};
/* End XCConfigurationList section */
	};
	rootObject = D9BB663920C8415F002BBBAD /* Project object */;
}
